
Microsoft Visual Studio Solution File, Format Version 12.00
# Visual Studio 2012
Project("{6989167D-11E4-40FE-8C1A-2192A86A7E90}") = "Console8", "Console8\Console8.vfproj", "{DEE12F51-C8A7-40BD-B7B4-E94D76E578BB}"
EndProject
Global
	GlobalSection(SolutionConfigurationPlatforms) = preSolution
		Debug|Win32 = Debug|Win32
		Debug|x64 = Debug|x64
		Release|Win32 = Release|Win32
		Release|x64 = Release|x64
	EndGlobalSection
	GlobalSection(ProjectConfigurationPlatforms) = postSolution
		{DEE12F51-C8A7-40BD-B7B4-E94D76E578BB}.Debug|Win32.ActiveCfg = Debug|Win32
		{DEE12F51-C8A7-40BD-B7B4-E94D76E578BB}.Debug|Win32.Build.0 = Debug|Win32
		{DEE12F51-C8A7-40BD-B7B4-E94D76E578BB}.Debug|x64.ActiveCfg = Debug|x64
		{DEE12F51-C8A7-40BD-B7B4-E94D76E578BB}.Debug|x64.Build.0 = Debug|x64
		{DEE12F51-C8A7-40BD-B7B4-E94D76E578BB}.Release|Win32.ActiveCfg = Release|Win32
		{DEE12F51-C8A7-40BD-B7B4-E94D76E578BB}.Release|Win32.Build.0 = Release|Win32
		{DEE12F51-C8A7-40BD-B7B4-E94D76E578BB}.Release|x64.ActiveCfg = Release|x64
		{DEE12F51-C8A7-40BD-B7B4-E94D76E578BB}.Release|x64.Build.0 = Release|x64
	EndGlobalSection
	GlobalSection(SolutionProperties) = preSolution
		HideSolutionNode = FALSE
	EndGlobalSection
EndGlobal
